
Microsoft Visual Studio Solution File, Format Version 12.00
Project("{FAE04EC0-301F-11D3-BF4B-00C04F79EFBC}") = "SimpleCsApp", "SimpleCsApp\SimpleCsApp.csproj", "{C0D2B401-F7BD-487C-9797-BFC96D8C41E9}"
EndProject
Project("{FAE04EC0-301F-11D3-BF4B-00C04F79EFBC}") = "ClassLibrary2", "ClassLibrary2\ClassLibrary2.csproj", "{45D8171B-F54F-494F-994E-C148A3F5CCD2}"
EndProject
Global
	GlobalSection(SolutionConfigurationPlatforms) = preSolution
		Debug|Any CPU = Debug|Any CPU
		Release|Any CPU = Release|Any CPU
	EndGlobalSection
	GlobalSection(ProjectConfigurationPlatforms) = postSolution
		{C0D2B401-F7BD-487C-9797-BFC96D8C41E9}.Debug|Any CPU.ActiveCfg = Debug|Any CPU
		{C0D2B401-F7BD-487C-9797-BFC96D8C41E9}.Debug|Any CPU.Build.0 = Debug|Any CPU
		{C0D2B401-F7BD-487C-9797-BFC96D8C41E9}.Release|Any CPU.ActiveCfg = Release|Any CPU
		{C0D2B401-F7BD-487C-9797-BFC96D8C41E9}.Release|Any CPU.Build.0 = Release|Any CPU
		{45D8171B-F54F-494F-994E-C148A3F5CCD2}.Debug|Any CPU.ActiveCfg = Debug|Any CPU
		{45D8171B-F54F-494F-994E-C148A3F5CCD2}.Debug|Any CPU.Build.0 = Debug|Any CPU
		{45D8171B-F54F-494F-994E-C148A3F5CCD2}.Release|Any CPU.ActiveCfg = Release|Any CPU
		{45D8171B-F54F-494F-994E-C148A3F5CCD2}.Release|Any CPU.Build.0 = Release|Any CPU
	EndGlobalSection
EndGlobal
